<?xml version="1.0" encoding="utf-8"?>
<Project ToolsVersion="17.0" xmlns="http://schemas.microsoft.com/developer/msbuild/2003">
  <ItemGroup>
    <CustomBuild Include="G:\Programming\Navi\recastnavigationtest\CMakeFiles\745388ef100bf1884f1ddd95c598638e\RUN_TESTS_force.rule">
      <Filter>CMake Rules</Filter>
    </CustomBuild>
  </ItemGroup>
  <ItemGroup>
    <Filter Include="CMake Rules">
      <UniqueIdentifier>{46087CEA-B8BB-3335-8C9F-9A44D456809F}</UniqueIdentifier>
    </Filter>
  </ItemGroup>
</Project>
